// !$*UTF8*$!
{
	archiveVersion = 1;
	classes = {
	};
	objectVersion = 46;
	objects = {

/* Begin PBXBuildFile section */
		B83FBE751CB80ABA006E5477 /* AppDelegate.swift in Sources */ = {isa = PBXBuildFile; fileRef = B83FBE741CB80ABA006E5477 /* AppDelegate.swift */; };
		B83FBE771CB80ABA006E5477 /* ViewController.swift in Sources */ = {isa = PBXBuildFile; fileRef = B83FBE761CB80ABA006E5477 /* ViewController.swift */; };
		B83FBE7A1CB80ABA006E5477 /* Main.storyboard in Resources */ = {isa = PBXBuildFile; fileRef = B83FBE781CB80ABA006E5477 /* Main.storyboard */; };
		B83FBE7C1CB80ABA006E5477 /* Assets.xcassets in Resources */ = {isa = PBXBuildFile; fileRef = B83FBE7B1CB80ABA006E5477 /* Assets.xcassets */; };
		B83FBE7F1CB80ABA006E5477 /* LaunchScreen.storyboard in Resources */ = {isa = PBXBuildFile; fileRef = B83FBE7D1CB80ABA006E5477 /* LaunchScreen.storyboard */; };
		B83FBE8A1CB80ABA006E5477 /* SuperCoolTests.swift in Sources */ = {isa = PBXBuildFile; fileRef = B83FBE891CB80ABA006E5477 /* SuperCoolTests.swift */; };
		B83FBE951CB80ABA006E5477 /* SuperCoolUITests.swift in Sources */ = {isa = PBXBuildFile; fileRef = B83FBE941CB80ABA006E5477 /* SuperCoolUITests.swift */; };
/* End PBXBuildFile section */

/* Begin PBXContainerItemProxy section */
		B83FBE861CB80ABA006E5477 /* PBXContainerItemProxy */ = {
			isa = PBXContainerItemProxy;
			containerPortal = B83FBE691CB80ABA006E5477 /* Project object */;
			proxyType = 1;
			remoteGlobalIDString = B83FBE701CB80ABA006E5477;
			remoteInfo = SuperCool;
		};
		B83FBE911CB80ABA006E5477 /* PBXContainerItemProxy */ = {
			isa = PBXContainerItemProxy;
			containerPortal = B83FBE691CB80ABA006E5477 /* Project object */;
			proxyType = 1;
			remoteGlobalIDString = B83FBE701CB80ABA006E5477;
			remoteInfo = SuperCool;
		};
/* End PBXContainerItemProxy section */

/* Begin PBXFileReference section */
		B83FBE711CB80ABA006E5477 /* SuperCool.app */ = {isa = PBXFileReference; explicitFileType = wrapper.application; includeInIndex = 0; path = SuperCool.app; sourceTree = BUILT_PRODUCTS_DIR; };
		B83FBE741CB80ABA006E5477 /* AppDelegate.swift */ = {isa = PBXFileReference; lastKnownFileType = sourcecode.swift; path = AppDelegate.swift; sourceTree = "<group>"; };
		B83FBE761CB80ABA006E5477 /* ViewController.swift */ = {isa = PBXFileReference; lastKnownFileType = sourcecode.swift; path = ViewController.swift; sourceTree = "<group>"; };
		B83FBE791CB80ABA006E5477 /* Base */ = {isa = PBXFileReference; lastKnownFileType = file.storyboard; name = Base; path = Base.lproj/Main.storyboard; sourceTree = "<group>"; };
		B83FBE7B1CB80ABA006E5477 /* Assets.xcassets */ = {isa = PBXFileReference; lastKnownFileType = folder.assetcatalog; path = Assets.xcassets; sourceTree = "<group>"; };
		B83FBE7E1CB80ABA006E5477 /* Base */ = {isa = PBXFileReference; lastKnownFileType = file.storyboard; name = Base; path = Base.lproj/LaunchScreen.storyboard; sourceTree = "<group>"; };
		B83FBE801CB80ABA006E5477 /* Info.plist */ = {isa = PBXFileReference; lastKnownFileType = text.plist.xml; path = Info.plist; sourceTree = "<group>"; };
		B83FBE851CB80ABA006E5477 /* SuperCoolTests.xctest */ = {isa = PBXFileReference; explicitFileType = wrapper.cfbundle; includeInIndex = 0; path = SuperCoolTests.xctest; sourceTree = BUILT_PRODUCTS_DIR; };
		B83FBE891CB80ABA006E5477 /* SuperCoolTests.swift */ = {isa = PBXFileReference; lastKnownFileType = sourcecode.swift; path = SuperCoolTests.swift; sourceTree = "<group>"; };
		B83FBE8B1CB80ABA006E5477 /* Info.plist */ = {isa = PBXFileReference; lastKnownFileType = text.plist.xml; path = Info.plist; sourceTree = "<group>"; };
		B83FBE901CB80ABA006E5477 /* SuperCoolUITests.xctest */ = {isa = PBXFileReference; explicitFileType = wrapper.cfbundle; includeInIndex = 0; path = SuperCoolUITests.xctest; sourceTree = BUILT_PRODUCTS_DIR; };
		B83FBE941CB80ABA006E5477 /* SuperCoolUITests.swift */ = {isa = PBXFileReference; lastKnownFileType = sourcecode.swift; path = SuperCoolUITests.swift; sourceTree = "<group>"; };
		B83FBE961CB80ABA006E5477 /* Info.plist */ = {isa = PBXFileReference; lastKnownFileType = text.plist.xml; path = Info.plist; sourceTree = "<group>"; };
/* End PBXFileReference section */

/* Begin PBXFrameworksBuildPhase section */
		B83FBE6E1CB80ABA006E5477 /* Frameworks */ = {
			isa = PBXFrameworksBuildPhase;
			buildActionMask = 2147483647;
			files = (
			);
			runOnlyForDeploymentPostprocessing = 0;
		};
		B83FBE821CB80ABA006E5477 /* Frameworks */ = {
			isa = PBXFrameworksBuildPhase;
			buildActionMask = 2147483647;
			files = (
			);
			runOnlyForDeploymentPostprocessing = 0;
		};
		B83FBE8D1CB80ABA006E5477 /* Frameworks */ = {
			isa = PBXFrameworksBuildPhase;
			buildActionMask = 2147483647;
			files = (
			);
			runOnlyForDeploymentPostprocessing = 0;
		};
/* End PBXFrameworksBuildPhase section */

/* Begin PBXGroup section */
		B83FBE681CB80ABA006E5477 = {
			isa = PBXGroup;
			children = (
				B83FBE731CB80ABA006E5477 /* SuperCool */,
				B83FBE881CB80ABA006E5477 /* SuperCoolTests */,
				B83FBE931CB80ABA006E5477 /* SuperCoolUITests */,
				B83FBE721CB80ABA006E5477 /* Products */,
			);
			sourceTree = "<group>";
		};
		B83FBE721CB80ABA006E5477 /* Products */ = {
			isa = PBXGroup;
			children = (
				B83FBE711CB80ABA006E5477 /* SuperCool.app */,
				B83FBE851CB80ABA006E5477 /* SuperCoolTests.xctest */,
				B83FBE901CB80ABA006E5477 /* SuperCoolUITests.xctest */,
			);
			name = Products;
			sourceTree = "<group>";
		};
		B83FBE731CB80ABA006E5477 /* SuperCool */ = {
			isa = PBXGroup;
			children = (
				B83FBE741CB80ABA006E5477 /* AppDelegate.swift */,
				B83FBE761CB80ABA006E5477 /* ViewController.swift */,
				B83FBE781CB80ABA006E5477 /* Main.storyboard */,
				B83FBE7B1CB80ABA006E5477 /* Assets.xcassets */,
				B83FBE7D1CB80ABA006E5477 /* LaunchScreen.storyboard */,
				B83FBE801CB80ABA006E5477 /* Info.plist */,
			);
			path = SuperCool;
			sourceTree = "<group>";
		};
		B83FBE881CB80ABA006E5477 /* SuperCoolTests */ = {
			isa = PBXGroup;
			children = (
				B83FBE891CB80ABA006E5477 /* SuperCoolTests.swift */,
				B83FBE8B1CB80ABA006E5477 /* Info.plist */,
			);
			path = SuperCoolTests;
			sourceTree = "<group>";
		};
		B83FBE931CB80ABA006E5477 /* SuperCoolUITests */ = {
			isa = PBXGroup;
			children = (
				B83FBE941CB80ABA006E5477 /* SuperCoolUITests.swift */,
				B83FBE961CB80ABA006E5477 /* Info.plist */,
			);
			path = SuperCoolUITests;
			sourceTree = "<group>";
		};
/* End PBXGroup section */

/* Begin PBXNativeTarget section */
		B83FBE701CB80ABA006E5477 /* SuperCool */ = {
			isa = PBXNativeTarget;
			buildConfigurationList = B83FBE991CB80ABA006E5477 /* Build configuration list for PBXNativeTarget "SuperCool" */;
			buildPhases = (
				B83FBE6D1CB80ABA006E5477 /* Sources */,
				B83FBE6E1CB80ABA006E5477 /* Frameworks */,
				B83FBE6F1CB80ABA006E5477 /* Resources */,
			);
			buildRules = (
			);
			dependencies = (
			);
			name = SuperCool;
			productName = SuperCool;
			productReference = B83FBE711CB80ABA006E5477 /* SuperCool.app */;
			productType = "com.apple.product-type.application";
		};
		B83FBE841CB80ABA006E5477 /* SuperCoolTests */ = {
			isa = PBXNativeTarget;
			buildConfigurationList = B83FBE9C1CB80ABA006E5477 /* Build configuration list for PBXNativeTarget "SuperCoolTests" */;
			buildPhases = (
				B83FBE811CB80ABA006E5477 /* Sources */,
				B83FBE821CB80ABA006E5477 /* Frameworks */,
				B83FBE831CB80ABA006E5477 /* Resources */,
			);
			buildRules = (
			);
			dependencies = (
				B83FBE871CB80ABA006E5477 /* PBXTargetDependency */,
			);
			name = SuperCoolTests;
			productName = SuperCoolTests;
			productReference = B83FBE851CB80ABA006E5477 /* SuperCoolTests.xctest */;
			productType = "com.apple.product-type.bundle.unit-test";
		};
		B83FBE8F1CB80ABA006E5477 /* SuperCoolUITests */ = {
			isa = PBXNativeTarget;
			buildConfigurationList = B83FBE9F1CB80ABA006E5477 /* Build configuration list for PBXNativeTarget "SuperCoolUITests" */;
			buildPhases = (
				B83FBE8C1CB80ABA006E5477 /* Sources */,
				B83FBE8D1CB80ABA006E5477 /* Frameworks */,
				B83FBE8E1CB80ABA006E5477 /* Resources */,
			);
			buildRules = (
			);
			dependencies = (
				B83FBE921CB80ABA006E5477 /* PBXTargetDependency */,
			);
			name = SuperCoolUITests;
			productName = SuperCoolUITests;
			productReference = B83FBE901CB80ABA006E5477 /* SuperCoolUITests.xctest */;
			productType = "com.apple.product-type.bundle.ui-testing";
		};
/* End PBXNativeTarget section */

/* Begin PBXProject section */
		B83FBE691CB80ABA006E5477 /* Project object */ = {
			isa = PBXProject;
			attributes = {
				LastSwiftUpdateCheck = 0730;
				LastUpgradeCheck = 0730;
				ORGANIZATIONNAME = fb;
				TargetAttributes = {
					B83FBE701CB80ABA006E5477 = {
						CreatedOnToolsVersion = 7.3;
					};
					B83FBE841CB80ABA006E5477 = {
						CreatedOnToolsVersion = 7.3;
						TestTargetID = B83FBE701CB80ABA006E5477;
					};
					B83FBE8F1CB80ABA006E5477 = {
						CreatedOnToolsVersion = 7.3;
						TestTargetID = B83FBE701CB80ABA006E5477;
					};
				};
			};
			buildConfigurationList = B83FBE6C1CB80ABA006E5477 /* Build configuration list for PBXProject "SuperCool" */;
			compatibilityVersion = "Xcode 3.2";
			developmentRegion = English;
			hasScannedForEncodings = 0;
			knownRegions = (
				en,
				Base,
			);
			mainGroup = B83FBE681CB80ABA006E5477;
			productRefGroup = B83FBE721CB80ABA006E5477 /* Products */;
			projectDirPath = "";
			projectRoot = "";
			targets = (
				B83FBE701CB80ABA006E5477 /* SuperCool */,
				B83FBE841CB80ABA006E5477 /* SuperCoolTests */,
				B83FBE8F1CB80ABA006E5477 /* SuperCoolUITests */,
			);
		};
/* End PBXProject section */

/* Begin PBXResourcesBuildPhase section */
		B83FBE6F1CB80ABA006E5477 /* Resources */ = {
			isa = PBXResourcesBuildPhase;
			buildActionMask = 2147483647;
			files = (
				B83FBE7F1CB80ABA006E5477 /* LaunchScreen.storyboard in Resources */,
				B83FBE7C1CB80ABA006E5477 /* Assets.xcassets in Resources */,
				B83FBE7A1CB80ABA006E5477 /* Main.storyboard in Resources */,
			);
			runOnlyForDeploymentPostprocessing = 0;
		};
		B83FBE831CB80ABA006E5477 /* Resources */ = {
			isa = PBXResourcesBuildPhase;
			buildActionMask = 2147483647;
			files = (
			);
			runOnlyForDeploymentPostprocessing = 0;
		};
		B83FBE8E1CB80ABA006E5477 /* Resources */ = {
			isa = PBXResourcesBuildPhase;
			buildActionMask = 2147483647;
			files = (
			);
			runOnlyForDeploymentPostprocessing = 0;
		};
/* End PBXResourcesBuildPhase section */

/* Begin PBXSourcesBuildPhase section */
		B83FBE6D1CB80ABA006E5477 /* Sources */ = {
			isa = PBXSourcesBuildPhase;
			buildActionMask = 2147483647;
			files = (
				B83FBE771CB80ABA006E5477 /* ViewController.swift in Sources */,
				B83FBE751CB80ABA006E5477 /* AppDelegate.swift in Sources */,
			);
			runOnlyForDeploymentPostprocessing = 0;
		};
		B83FBE811CB80ABA006E5477 /* Sources */ = {
			isa = PBXSourcesBuildPhase;
			buildActionMask = 2147483647;
			files = (
				B83FBE8A1CB80ABA006E5477 /* SuperCoolTests.swift in Sources */,
			);
			runOnlyForDeploymentPostprocessing = 0;
		};
		B83FBE8C1CB80ABA006E5477 /* Sources */ = {
			isa = PBXSourcesBuildPhase;
			buildActionMask = 2147483647;
			files = (
				B83FBE951CB80ABA006E5477 /* SuperCoolUITests.swift in Sources */,
			);
			runOnlyForDeploymentPostprocessing = 0;
		};
/* End PBXSourcesBuildPhase section */

/* Begin PBXTargetDependency section */
		B83FBE871CB80ABA006E5477 /* PBXTargetDependency */ = {
			isa = PBXTargetDependency;
			target = B83FBE701CB80ABA006E5477 /* SuperCool */;
			targetProxy = B83FBE861CB80ABA006E5477 /* PBXContainerItemProxy */;
		};
		B83FBE921CB80ABA006E5477 /* PBXTargetDependency */ = {
			isa = PBXTargetDependency;
			target = B83FBE701CB80ABA006E5477 /* SuperCool */;
			targetProxy = B83FBE911CB80ABA006E5477 /* PBXContainerItemProxy */;
		};
/* End PBXTargetDependency section */

/* Begin PBXVariantGroup section */
		B83FBE781CB80ABA006E5477 /* Main.storyboard */ = {
			isa = PBXVariantGroup;
			children = (
				B83FBE791CB80ABA006E5477 /* Base */,
			);
			name = Main.storyboard;
			sourceTree = "<group>";
		};
		B83FBE7D1CB80ABA006E5477 /* LaunchScreen.storyboard */ = {
			isa = PBXVariantGroup;
			children = (
				B83FBE7E1CB80ABA006E5477 /* Base */,
			);
			name = LaunchScreen.storyboard;
			sourceTree = "<group>";
		};
/* End PBXVariantGroup section */

/* Begin XCBuildConfiguration section */
		B83FBE971CB80ABA006E5477 /* Debug */ = {
			isa = XCBuildConfiguration;
			buildSettings = {
				ALWAYS_SEARCH_USER_PATHS = NO;
				CLANG_ANALYZER_NONNULL = YES;
				CLANG_CXX_LANGUAGE_STANDARD = "gnu++0x";
				CLANG_CXX_LIBRARY = "libc++";
				CLANG_ENABLE_MODULES = YES;
				CLANG_ENABLE_OBJC_ARC = YES;
				CLANG_WARN_BOOL_CONVERSION = YES;
				CLANG_WARN_CONSTANT_CONVERSION = YES;
				CLANG_WARN_DIRECT_OBJC_ISA_USAGE = YES_ERROR;
				CLANG_WARN_EMPTY_BODY = YES;
				CLANG_WARN_ENUM_CONVERSION = YES;
				CLANG_WARN_INT_CONVERSION = YES;
				CLANG_WARN_OBJC_ROOT_CLASS = YES_ERROR;
				CLANG_WARN_UNREACHABLE_CODE = YES;
				CLANG_WARN__DUPLICATE_METHOD_MATCH = YES;
				"CODE_SIGN_IDENTITY[sdk=iphoneos*]" = "iPhone Developer";
				COPY_PHASE_STRIP = NO;
				DEBUG_INFORMATION_FORMAT = dwarf;
				ENABLE_STRICT_OBJC_MSGSEND = YES;
				ENABLE_TESTABILITY = YES;
				GCC_C_LANGUAGE_STANDARD = gnu99;
				GCC_DYNAMIC_NO_PIC = NO;
				GCC_NO_COMMON_BLOCKS = YES;
				GCC_OPTIMIZATION_LEVEL = 0;
				GCC_PREPROCESSOR_DEFINITIONS = (
					"DEBUG=1",
					"$(inherited)",
				);
				GCC_WARN_64_TO_32_BIT_CONVERSION = YES;
				GCC_WARN_ABOUT_RETURN_TYPE = YES_ERROR;
				GCC_WARN_UNDECLARED_SELECTOR = YES;
				GCC_WARN_UNINITIALIZED_AUTOS = YES_AGGRESSIVE;
				GCC_WARN_UNUSED_FUNCTION = YES;
				GCC_WARN_UNUSED_VARIABLE = YES;
				IPHONEOS_DEPLOYMENT_TARGET = 9.3;
				MTL_ENABLE_DEBUG_INFO = YES;
				ONLY_ACTIVE_ARCH = YES;
				SDKROOT = iphoneos;
				SWIFT_OPTIMIZATION_LEVEL = "-Onone";
			};
			name = Debug;
		};
		B83FBE981CB80ABA006E5477 /* Release */ = {
			isa = XCBuildConfiguration;
			buildSettings = {
				ALWAYS_SEARCH_USER_PATHS = NO;
				CLANG_ANALYZER_NONNULL = YES;
				CLANG_CXX_LANGUAGE_STANDARD = "gnu++0x";
				CLANG_CXX_LIBRARY = "libc++";
				CLANG_ENABLE_MODULES = YES;
				CLANG_ENABLE_OBJC_ARC = YES;
				CLANG_WARN_BOOL_CONVERSION = YES;
				CLANG_WARN_CONSTANT_CONVERSION = YES;
				CLANG_WARN_DIRECT_OBJC_ISA_USAGE = YES_ERROR;
				CLANG_WARN_EMPTY_BODY = YES;
				CLANG_WARN_ENUM_CONVERSION = YES;
				CLANG_WARN_INT_CONVERSION = YES;
				CLANG_WARN_OBJC_ROOT_CLASS = YES_ERROR;
				CLANG_WARN_UNREACHABLE_CODE = YES;
				CLANG_WARN__DUPLICATE_METHOD_MATCH = YES;
				"CODE_SIGN_IDENTITY[sdk=iphoneos*]" = "iPhone Developer";
				COPY_PHASE_STRIP = NO;
				DEBUG_INFORMATION_FORMAT = "dwarf-with-dsym";
				ENABLE_NS_ASSERTIONS = NO;
				ENABLE_STRICT_OBJC_MSGSEND = YES;
				GCC_C_LANGUAGE_STANDARD = gnu99;
				GCC_NO_COMMON_BLOCKS = YES;
				GCC_WARN_64_TO_32_BIT_CONVERSION = YES;
				GCC_WARN_ABOUT_RETURN_TYPE = YES_ERROR;
				GCC_WARN_UNDECLARED_SELECTOR = YES;
				GCC_WARN_UNINITIALIZED_AUTOS = YES_AGGRESSIVE;
				GCC_WARN_UNUSED_FUNCTION = YES;
				GCC_WARN_UNUSED_VARIABLE = YES;
				IPHONEOS_DEPLOYMENT_TARGET = 9.3;
				MTL_ENABLE_DEBUG_INFO = NO;
				SDKROOT = iphoneos;
				VALIDATE_PRODUCT = YES;
			};
			name = Release;
		};
		B83FBE9A1CB80ABA006E5477 /* Debug */ = {
			isa = XCBuildConfiguration;
			buildSettings = {
				ASSETCATALOG_COMPILER_APPICON_NAME = AppIcon;
				INFOPLIST_FILE = SuperCool/Info.plist;
				LD_RUNPATH_SEARCH_PATHS = "$(inherited) @executable_path/Frameworks";
				PRODUCT_BUNDLE_IDENTIFIER = com.fb..SuperCool;
				PRODUCT_NAME = "$(TARGET_NAME)";
			};
			name = Debug;
		};
		B83FBE9B1CB80ABA006E5477 /* Release */ = {
			isa = XCBuildConfiguration;
			buildSettings = {
				ASSETCATALOG_COMPILER_APPICON_NAME = AppIcon;
				INFOPLIST_FILE = SuperCool/Info.plist;
				LD_RUNPATH_SEARCH_PATHS = "$(inherited) @executable_path/Frameworks";
				PRODUCT_BUNDLE_IDENTIFIER = com.fb..SuperCool;
				PRODUCT_NAME = "$(TARGET_NAME)";
			};
			name = Release;
		};
		B83FBE9D1CB80ABA006E5477 /* Debug */ = {
			isa = XCBuildConfiguration;
			buildSettings = {
				BUNDLE_LOADER = "$(TEST_HOST)";
				INFOPLIST_FILE = SuperCoolTests/Info.plist;
				LD_RUNPATH_SEARCH_PATHS = "$(inherited) @executable_path/Frameworks @loader_path/Frameworks";
				PRODUCT_BUNDLE_IDENTIFIER = com.fb..SuperCoolTests;
				PRODUCT_NAME = "$(TARGET_NAME)";
				TEST_HOST = "$(BUILT_PRODUCTS_DIR)/SuperCool.app/SuperCool";
			};
			name = Debug;
		};
		B83FBE9E1CB80ABA006E5477 /* Release */ = {
			isa = XCBuildConfiguration;
			buildSettings = {
				BUNDLE_LOADER = "$(TEST_HOST)";
				INFOPLIST_FILE = SuperCoolTests/Info.plist;
				LD_RUNPATH_SEARCH_PATHS = "$(inherited) @executable_path/Frameworks @loader_path/Frameworks";
				PRODUCT_BUNDLE_IDENTIFIER = com.fb..SuperCoolTests;
				PRODUCT_NAME = "$(TARGET_NAME)";
				TEST_HOST = "$(BUILT_PRODUCTS_DIR)/SuperCool.app/SuperCool";
			};
			name = Release;
		};
		B83FBEA01CB80ABA006E5477 /* Debug */ = {
			isa = XCBuildConfiguration;
			buildSettings = {
				INFOPLIST_FILE = SuperCoolUITests/Info.plist;
				LD_RUNPATH_SEARCH_PATHS = "$(inherited) @executable_path/Frameworks @loader_path/Frameworks";
				PRODUCT_BUNDLE_IDENTIFIER = com.fb..SuperCoolUITests;
				PRODUCT_NAME = "$(TARGET_NAME)";
				TEST_TARGET_NAME = SuperCool;
			};
			name = Debug;
		};
		B83FBEA11CB80ABA006E5477 /* Release */ = {
			isa = XCBuildConfiguration;
			buildSettings = {
				INFOPLIST_FILE = SuperCoolUITests/Info.plist;
				LD_RUNPATH_SEARCH_PATHS = "$(inherited) @executable_path/Frameworks @loader_path/Frameworks";
				PRODUCT_BUNDLE_IDENTIFIER = com.fb..SuperCoolUITests;
				PRODUCT_NAME = "$(TARGET_NAME)";
				TEST_TARGET_NAME = SuperCool;
			};
			name = Release;
		};
/* End XCBuildConfiguration section */

/* Begin XCConfigurationList section */
		B83FBE6C1CB80ABA006E5477 /* Build configuration list for PBXProject "SuperCool" */ = {
			isa = XCConfigurationList;
			buildConfigurations = (
				B83FBE971CB80ABA006E5477 /* Debug */,
				B83FBE981CB80ABA006E5477 /* Release */,
			);
			defaultConfigurationIsVisible = 0;
			defaultConfigurationName = Release;
		};
		B83FBE991CB80ABA006E5477 /* Build configuration list for PBXNativeTarget "SuperCool" */ = {
			isa = XCConfigurationList;
			buildConfigurations = (
				B83FBE9A1CB80ABA006E5477 /* Debug */,
				B83FBE9B1CB80ABA006E5477 /* Release */,
			);
			defaultConfigurationIsVisible = 0;
		};
		B83FBE9C1CB80ABA006E5477 /* Build configuration list for PBXNativeTarget "SuperCoolTests" */ = {
			isa = XCConfigurationList;
			buildConfigurations = (
				B83FBE9D1CB80ABA006E5477 /* Debug */,
				B83FBE9E1CB80ABA006E5477 /* Release */,
			);
			defaultConfigurationIsVisible = 0;
		};
		B83FBE9F1CB80ABA006E5477 /* Build configuration list for PBXNativeTarget "SuperCoolUITests" */ = {
			isa = XCConfigurationList;
			buildConfigurations = (
				B83FBEA01CB80ABA006E5477 /* Debug */,
				B83FBEA11CB80ABA006E5477 /* Release */,
			);
			defaultConfigurationIsVisible = 0;
		};
/* End XCConfigurationList section */
	};
	rootObject = B83FBE691CB80ABA006E5477 /* Project object */;
}
